// !$*UTF8*$!
{
	archiveVersion = 1;
	classes = {
	};
	objectVersion = 56;
	objects = {

/* Begin PBXBuildFile section */
		793BFE502C9ACCFC009AF941 /* AppDelegate.swift in Sources */ = {isa = PBXBuildFile; fileRef = 793BFE4F2C9ACCFC009AF941 /* AppDelegate.swift */; };
		793BFE522C9ACCFC009AF941 /* SceneDelegate.swift in Sources */ = {isa = PBXBuildFile; fileRef = 793BFE512C9ACCFC009AF941 /* SceneDelegate.swift */; };
		793BFE542C9ACCFC009AF941 /* LoginViewController.swift in Sources */ = {isa = PBXBuildFile; fileRef = 793BFE532C9ACCFC009AF941 /* LoginViewController.swift */; };
		793BFE592C9ACCFD009AF941 /* Assets.xcassets in Resources */ = {isa = PBXBuildFile; fileRef = 793BFE582C9ACCFD009AF941 /* Assets.xcassets */; };
		793BFE5C2C9ACCFD009AF941 /* Base in Resources */ = {isa = PBXBuildFile; fileRef = 793BFE5B2C9ACCFD009AF941 /* Base */; };
		793BFE6C2C9ACE7F009AF941 /* RegisterViewController.swift in Sources */ = {isa = PBXBuildFile; fileRef = 793BFE6B2C9ACE7F009AF941 /* RegisterViewController.swift */; };
		793BFE6E2C9ACED7009AF941 /* TabBarConfigurator.swift in Sources */ = {isa = PBXBuildFile; fileRef = 793BFE6D2C9ACED7009AF941 /* TabBarConfigurator.swift */; };
		793BFE712C9AD00E009AF941 /* Coordinator.swift in Sources */ = {isa = PBXBuildFile; fileRef = 793BFE702C9AD00E009AF941 /* Coordinator.swift */; };
		793BFE732C9AEBB1009AF941 /* CoordinatorFactory.swift in Sources */ = {isa = PBXBuildFile; fileRef = 793BFE722C9AEBB1009AF941 /* CoordinatorFactory.swift */; };
		793BFE752C9AEBD6009AF941 /* AuthCoordinator.swift in Sources */ = {isa = PBXBuildFile; fileRef = 793BFE742C9AEBD6009AF941 /* AuthCoordinator.swift */; };
		793BFE772C9AECFF009AF941 /* TabCoordinator.swift in Sources */ = {isa = PBXBuildFile; fileRef = 793BFE762C9AECFF009AF941 /* TabCoordinator.swift */; };
		793BFE792C9AEE28009AF941 /* AppCoordinator.swift in Sources */ = {isa = PBXBuildFile; fileRef = 793BFE782C9AEE28009AF941 /* AppCoordinator.swift */; };
		793BFE7B2C9B0DAE009AF941 /* HomeCoordinator.swift in Sources */ = {isa = PBXBuildFile; fileRef = 793BFE7A2C9B0DAE009AF941 /* HomeCoordinator.swift */; };
		793BFE7D2C9B0DBA009AF941 /* SettingsCoordinator.swift in Sources */ = {isa = PBXBuildFile; fileRef = 793BFE7C2C9B0DBA009AF941 /* SettingsCoordinator.swift */; };
		793BFE7F2C9B0DC5009AF941 /* FavoriteCoordinator.swift in Sources */ = {isa = PBXBuildFile; fileRef = 793BFE7E2C9B0DC5009AF941 /* FavoriteCoordinator.swift */; };
		793BFE812C9C46B1009AF941 /* HomeViewController.swift in Sources */ = {isa = PBXBuildFile; fileRef = 793BFE802C9C46B1009AF941 /* HomeViewController.swift */; };
		793BFE832C9C470B009AF941 /* SettingsViewController.swift in Sources */ = {isa = PBXBuildFile; fileRef = 793BFE822C9C470B009AF941 /* SettingsViewController.swift */; };
		793BFE852C9C4737009AF941 /* FavoritesViewController.swift in Sources */ = {isa = PBXBuildFile; fileRef = 793BFE842C9C4737009AF941 /* FavoritesViewController.swift */; };
/* End PBXBuildFile section */

/* Begin PBXFileReference section */
		793BFE4C2C9ACCFC009AF941 /* MVVMCoordinator.app */ = {isa = PBXFileReference; explicitFileType = wrapper.application; includeInIndex = 0; path = MVVMCoordinator.app; sourceTree = BUILT_PRODUCTS_DIR; };
		793BFE4F2C9ACCFC009AF941 /* AppDelegate.swift */ = {isa = PBXFileReference; lastKnownFileType = sourcecode.swift; path = AppDelegate.swift; sourceTree = "<group>"; };
		793BFE512C9ACCFC009AF941 /* SceneDelegate.swift */ = {isa = PBXFileReference; lastKnownFileType = sourcecode.swift; path = SceneDelegate.swift; sourceTree = "<group>"; };
		793BFE532C9ACCFC009AF941 /* LoginViewController.swift */ = {isa = PBXFileReference; lastKnownFileType = sourcecode.swift; path = LoginViewController.swift; sourceTree = "<group>"; };
		793BFE582C9ACCFD009AF941 /* Assets.xcassets */ = {isa = PBXFileReference; lastKnownFileType = folder.assetcatalog; path = Assets.xcassets; sourceTree = "<group>"; };
		793BFE5B2C9ACCFD009AF941 /* Base */ = {isa = PBXFileReference; lastKnownFileType = file.storyboard; name = Base; path = Base.lproj/LaunchScreen.storyboard; sourceTree = "<group>"; };
		793BFE5D2C9ACCFD009AF941 /* Info.plist */ = {isa = PBXFileReference; lastKnownFileType = text.plist.xml; path = Info.plist; sourceTree = "<group>"; };
		793BFE6B2C9ACE7F009AF941 /* RegisterViewController.swift */ = {isa = PBXFileReference; lastKnownFileType = sourcecode.swift; path = RegisterViewController.swift; sourceTree = "<group>"; };
		793BFE6D2C9ACED7009AF941 /* TabBarConfigurator.swift */ = {isa = PBXFileReference; lastKnownFileType = sourcecode.swift; path = TabBarConfigurator.swift; sourceTree = "<group>"; };
		793BFE702C9AD00E009AF941 /* Coordinator.swift */ = {isa = PBXFileReference; lastKnownFileType = sourcecode.swift; path = Coordinator.swift; sourceTree = "<group>"; };
		793BFE722C9AEBB1009AF941 /* CoordinatorFactory.swift */ = {isa = PBXFileReference; lastKnownFileType = sourcecode.swift; path = CoordinatorFactory.swift; sourceTree = "<group>"; };
		793BFE742C9AEBD6009AF941 /* AuthCoordinator.swift */ = {isa = PBXFileReference; lastKnownFileType = sourcecode.swift; path = AuthCoordinator.swift; sourceTree = "<group>"; };
		793BFE762C9AECFF009AF941 /* TabCoordinator.swift */ = {isa = PBXFileReference; lastKnownFileType = sourcecode.swift; path = TabCoordinator.swift; sourceTree = "<group>"; };
		793BFE782C9AEE28009AF941 /* AppCoordinator.swift */ = {isa = PBXFileReference; lastKnownFileType = sourcecode.swift; path = AppCoordinator.swift; sourceTree = "<group>"; };
		793BFE7A2C9B0DAE009AF941 /* HomeCoordinator.swift */ = {isa = PBXFileReference; lastKnownFileType = sourcecode.swift; path = HomeCoordinator.swift; sourceTree = "<group>"; };
		793BFE7C2C9B0DBA009AF941 /* SettingsCoordinator.swift */ = {isa = PBXFileReference; lastKnownFileType = sourcecode.swift; path = SettingsCoordinator.swift; sourceTree = "<group>"; };
		793BFE7E2C9B0DC5009AF941 /* FavoriteCoordinator.swift */ = {isa = PBXFileReference; lastKnownFileType = sourcecode.swift; path = FavoriteCoordinator.swift; sourceTree = "<group>"; };
		793BFE802C9C46B1009AF941 /* HomeViewController.swift */ = {isa = PBXFileReference; lastKnownFileType = sourcecode.swift; path = HomeViewController.swift; sourceTree = "<group>"; };
		793BFE822C9C470B009AF941 /* SettingsViewController.swift */ = {isa = PBXFileReference; lastKnownFileType = sourcecode.swift; path = SettingsViewController.swift; sourceTree = "<group>"; };
		793BFE842C9C4737009AF941 /* FavoritesViewController.swift */ = {isa = PBXFileReference; lastKnownFileType = sourcecode.swift; path = FavoritesViewController.swift; sourceTree = "<group>"; };
/* End PBXFileReference section */

/* Begin PBXFrameworksBuildPhase section */
		793BFE492C9ACCFC009AF941 /* Frameworks */ = {
			isa = PBXFrameworksBuildPhase;
			buildActionMask = 2147483647;
			files = (
			);
			runOnlyForDeploymentPostprocessing = 0;
		};
/* End PBXFrameworksBuildPhase section */

/* Begin PBXGroup section */
		793BFE432C9ACCFC009AF941 = {
			isa = PBXGroup;
			children = (
				793BFE4E2C9ACCFC009AF941 /* MVVMCoordinator */,
				793BFE4D2C9ACCFC009AF941 /* Products */,
			);
			sourceTree = "<group>";
		};
		793BFE4D2C9ACCFC009AF941 /* Products */ = {
			isa = PBXGroup;
			children = (
				793BFE4C2C9ACCFC009AF941 /* MVVMCoordinator.app */,
			);
			name = Products;
			sourceTree = "<group>";
		};
		793BFE4E2C9ACCFC009AF941 /* MVVMCoordinator */ = {
			isa = PBXGroup;
			children = (
				793BFE6F2C9AD000009AF941 /* Coordinator */,
				793BFE632C9ACDF8009AF941 /* Scenes */,
				793BFE4F2C9ACCFC009AF941 /* AppDelegate.swift */,
				793BFE512C9ACCFC009AF941 /* SceneDelegate.swift */,
				793BFE582C9ACCFD009AF941 /* Assets.xcassets */,
				793BFE5A2C9ACCFD009AF941 /* LaunchScreen.storyboard */,
				793BFE5D2C9ACCFD009AF941 /* Info.plist */,
			);
			path = MVVMCoordinator;
			sourceTree = "<group>";
		};
		793BFE632C9ACDF8009AF941 /* Scenes */ = {
			isa = PBXGroup;
			children = (
				793BFE682C9ACE16009AF941 /* Favorites */,
				793BFE672C9ACE0E009AF941 /* Settings */,
				793BFE662C9ACE09009AF941 /* Home */,
				793BFE652C9ACE02009AF941 /* Tab */,
				793BFE642C9ACDFD009AF941 /* Auth */,
			);
			path = Scenes;
			sourceTree = "<group>";
		};
		793BFE642C9ACDFD009AF941 /* Auth */ = {
			isa = PBXGroup;
			children = (
				793BFE6A2C9ACE23009AF941 /* Register */,
				793BFE692C9ACE1E009AF941 /* Login */,
				793BFE742C9AEBD6009AF941 /* AuthCoordinator.swift */,
			);
			path = Auth;
			sourceTree = "<group>";
		};
		793BFE652C9ACE02009AF941 /* Tab */ = {
			isa = PBXGroup;
			children = (
				793BFE6D2C9ACED7009AF941 /* TabBarConfigurator.swift */,
				793BFE762C9AECFF009AF941 /* TabCoordinator.swift */,
			);
			path = Tab;
			sourceTree = "<group>";
		};
		793BFE662C9ACE09009AF941 /* Home */ = {
			isa = PBXGroup;
			children = (
				793BFE7A2C9B0DAE009AF941 /* HomeCoordinator.swift */,
				793BFE802C9C46B1009AF941 /* HomeViewController.swift */,
			);
			path = Home;
			sourceTree = "<group>";
		};
		793BFE672C9ACE0E009AF941 /* Settings */ = {
			isa = PBXGroup;
			children = (
				793BFE7C2C9B0DBA009AF941 /* SettingsCoordinator.swift */,
				793BFE822C9C470B009AF941 /* SettingsViewController.swift */,
			);
			path = Settings;
			sourceTree = "<group>";
		};
		793BFE682C9ACE16009AF941 /* Favorites */ = {
			isa = PBXGroup;
			children = (
				793BFE7E2C9B0DC5009AF941 /* FavoriteCoordinator.swift */,
				793BFE842C9C4737009AF941 /* FavoritesViewController.swift */,
			);
			path = Favorites;
			sourceTree = "<group>";
		};
		793BFE692C9ACE1E009AF941 /* Login */ = {
			isa = PBXGroup;
			children = (
				793BFE532C9ACCFC009AF941 /* LoginViewController.swift */,
			);
			path = Login;
			sourceTree = "<group>";
		};
		793BFE6A2C9ACE23009AF941 /* Register */ = {
			isa = PBXGroup;
			children = (
				793BFE6B2C9ACE7F009AF941 /* RegisterViewController.swift */,
			);
			path = Register;
			sourceTree = "<group>";
		};
		793BFE6F2C9AD000009AF941 /* Coordinator */ = {
			isa = PBXGroup;
			children = (
				793BFE702C9AD00E009AF941 /* Coordinator.swift */,
				793BFE722C9AEBB1009AF941 /* CoordinatorFactory.swift */,
				793BFE782C9AEE28009AF941 /* AppCoordinator.swift */,
			);
			path = Coordinator;
			sourceTree = "<group>";
		};
/* End PBXGroup section */

/* Begin PBXNativeTarget section */
		793BFE4B2C9ACCFC009AF941 /* MVVMCoordinator */ = {
			isa = PBXNativeTarget;
			buildConfigurationList = 793BFE602C9ACCFD009AF941 /* Build configuration list for PBXNativeTarget "MVVMCoordinator" */;
			buildPhases = (
				793BFE482C9ACCFC009AF941 /* Sources */,
				793BFE492C9ACCFC009AF941 /* Frameworks */,
				793BFE4A2C9ACCFC009AF941 /* Resources */,
			);
			buildRules = (
			);
			dependencies = (
			);
			name = MVVMCoordinator;
			productName = MVVMCoordinator;
			productReference = 793BFE4C2C9ACCFC009AF941 /* MVVMCoordinator.app */;
			productType = "com.apple.product-type.application";
		};
/* End PBXNativeTarget section */

/* Begin PBXProject section */
		793BFE442C9ACCFC009AF941 /* Project object */ = {
			isa = PBXProject;
			attributes = {
				BuildIndependentTargetsInParallel = 1;
				LastSwiftUpdateCheck = 1530;
				LastUpgradeCheck = 1530;
				TargetAttributes = {
					793BFE4B2C9ACCFC009AF941 = {
						CreatedOnToolsVersion = 15.3;
					};
				};
			};
			buildConfigurationList = 793BFE472C9ACCFC009AF941 /* Build configuration list for PBXProject "MVVMCoordinator" */;
			compatibilityVersion = "Xcode 14.0";
			developmentRegion = en;
			hasScannedForEncodings = 0;
			knownRegions = (
				en,
				Base,
			);
			mainGroup = 793BFE432C9ACCFC009AF941;
			productRefGroup = 793BFE4D2C9ACCFC009AF941 /* Products */;
			projectDirPath = "";
			projectRoot = "";
			targets = (
				793BFE4B2C9ACCFC009AF941 /* MVVMCoordinator */,
			);
		};
/* End PBXProject section */

/* Begin PBXResourcesBuildPhase section */
		793BFE4A2C9ACCFC009AF941 /* Resources */ = {
			isa = PBXResourcesBuildPhase;
			buildActionMask = 2147483647;
			files = (
				793BFE592C9ACCFD009AF941 /* Assets.xcassets in Resources */,
				793BFE5C2C9ACCFD009AF941 /* Base in Resources */,
			);
			runOnlyForDeploymentPostprocessing = 0;
		};
/* End PBXResourcesBuildPhase section */

/* Begin PBXSourcesBuildPhase section */
		793BFE482C9ACCFC009AF941 /* Sources */ = {
			isa = PBXSourcesBuildPhase;
			buildActionMask = 2147483647;
			files = (
				793BFE542C9ACCFC009AF941 /* LoginViewController.swift in Sources */,
				793BFE7D2C9B0DBA009AF941 /* SettingsCoordinator.swift in Sources */,
				793BFE502C9ACCFC009AF941 /* AppDelegate.swift in Sources */,
				793BFE792C9AEE28009AF941 /* AppCoordinator.swift in Sources */,
				793BFE732C9AEBB1009AF941 /* CoordinatorFactory.swift in Sources */,
				793BFE812C9C46B1009AF941 /* HomeViewController.swift in Sources */,
				793BFE712C9AD00E009AF941 /* Coordinator.swift in Sources */,
				793BFE522C9ACCFC009AF941 /* SceneDelegate.swift in Sources */,
				793BFE832C9C470B009AF941 /* SettingsViewController.swift in Sources */,
				793BFE6C2C9ACE7F009AF941 /* RegisterViewController.swift in Sources */,
				793BFE852C9C4737009AF941 /* FavoritesViewController.swift in Sources */,
				793BFE752C9AEBD6009AF941 /* AuthCoordinator.swift in Sources */,
				793BFE772C9AECFF009AF941 /* TabCoordinator.swift in Sources */,
				793BFE6E2C9ACED7009AF941 /* TabBarConfigurator.swift in Sources */,
				793BFE7B2C9B0DAE009AF941 /* HomeCoordinator.swift in Sources */,
				793BFE7F2C9B0DC5009AF941 /* FavoriteCoordinator.swift in Sources */,
			);
			runOnlyForDeploymentPostprocessing = 0;
		};
/* End PBXSourcesBuildPhase section */

/* Begin PBXVariantGroup section */
		793BFE5A2C9ACCFD009AF941 /* LaunchScreen.storyboard */ = {
			isa = PBXVariantGroup;
			children = (
				793BFE5B2C9ACCFD009AF941 /* Base */,
			);
			name = LaunchScreen.storyboard;
			sourceTree = "<group>";
		};
/* End PBXVariantGroup section */

/* Begin XCBuildConfiguration section */
		793BFE5E2C9ACCFD009AF941 /* Debug */ = {
			isa = XCBuildConfiguration;
			buildSettings = {
				ALWAYS_SEARCH_USER_PATHS = NO;
				ASSETCATALOG_COMPILER_GENERATE_SWIFT_ASSET_SYMBOL_EXTENSIONS = YES;
				CLANG_ANALYZER_NONNULL = YES;
				CLANG_ANALYZER_NUMBER_OBJECT_CONVERSION = YES_AGGRESSIVE;
				CLANG_CXX_LANGUAGE_STANDARD = "gnu++20";
				CLANG_ENABLE_MODULES = YES;
				CLANG_ENABLE_OBJC_ARC = YES;
				CLANG_ENABLE_OBJC_WEAK = YES;
				CLANG_WARN_BLOCK_CAPTURE_AUTORELEASING = YES;
				CLANG_WARN_BOOL_CONVERSION = YES;
				CLANG_WARN_COMMA = YES;
				CLANG_WARN_CONSTANT_CONVERSION = YES;
				CLANG_WARN_DEPRECATED_OBJC_IMPLEMENTATIONS = YES;
				CLANG_WARN_DIRECT_OBJC_ISA_USAGE = YES_ERROR;
				CLANG_WARN_DOCUMENTATION_COMMENTS = YES;
				CLANG_WARN_EMPTY_BODY = YES;
				CLANG_WARN_ENUM_CONVERSION = YES;
				CLANG_WARN_INFINITE_RECURSION = YES;
				CLANG_WARN_INT_CONVERSION = YES;
				CLANG_WARN_NON_LITERAL_NULL_CONVERSION = YES;
				CLANG_WARN_OBJC_IMPLICIT_RETAIN_SELF = YES;
				CLANG_WARN_OBJC_LITERAL_CONVERSION = YES;
				CLANG_WARN_OBJC_ROOT_CLASS = YES_ERROR;
				CLANG_WARN_QUOTED_INCLUDE_IN_FRAMEWORK_HEADER = YES;
				CLANG_WARN_RANGE_LOOP_ANALYSIS = YES;
				CLANG_WARN_STRICT_PROTOTYPES = YES;
				CLANG_WARN_SUSPICIOUS_MOVE = YES;
				CLANG_WARN_UNGUARDED_AVAILABILITY = YES_AGGRESSIVE;
				CLANG_WARN_UNREACHABLE_CODE = YES;
				CLANG_WARN__DUPLICATE_METHOD_MATCH = YES;
				COPY_PHASE_STRIP = NO;
				DEBUG_INFORMATION_FORMAT = dwarf;
				ENABLE_STRICT_OBJC_MSGSEND = YES;
				ENABLE_TESTABILITY = YES;
				ENABLE_USER_SCRIPT_SANDBOXING = YES;
				GCC_C_LANGUAGE_STANDARD = gnu17;
				GCC_DYNAMIC_NO_PIC = NO;
				GCC_NO_COMMON_BLOCKS = YES;
				GCC_OPTIMIZATION_LEVEL = 0;
				GCC_PREPROCESSOR_DEFINITIONS = (
					"DEBUG=1",
					"$(inherited)",
				);
				GCC_WARN_64_TO_32_BIT_CONVERSION = YES;
				GCC_WARN_ABOUT_RETURN_TYPE = YES_ERROR;
				GCC_WARN_UNDECLARED_SELECTOR = YES;
				GCC_WARN_UNINITIALIZED_AUTOS = YES_AGGRESSIVE;
				GCC_WARN_UNUSED_FUNCTION = YES;
				GCC_WARN_UNUSED_VARIABLE = YES;
				IPHONEOS_DEPLOYMENT_TARGET = 17.4;
				LOCALIZATION_PREFERS_STRING_CATALOGS = YES;
				MTL_ENABLE_DEBUG_INFO = INCLUDE_SOURCE;
				MTL_FAST_MATH = YES;
				ONLY_ACTIVE_ARCH = YES;
				SDKROOT = iphoneos;
				SWIFT_ACTIVE_COMPILATION_CONDITIONS = "DEBUG $(inherited)";
				SWIFT_OPTIMIZATION_LEVEL = "-Onone";
			};
			name = Debug;
		};
		793BFE5F2C9ACCFD009AF941 /* Release */ = {
			isa = XCBuildConfiguration;
			buildSettings = {
				ALWAYS_SEARCH_USER_PATHS = NO;
				ASSETCATALOG_COMPILER_GENERATE_SWIFT_ASSET_SYMBOL_EXTENSIONS = YES;
				CLANG_ANALYZER_NONNULL = YES;
				CLANG_ANALYZER_NUMBER_OBJECT_CONVERSION = YES_AGGRESSIVE;
				CLANG_CXX_LANGUAGE_STANDARD = "gnu++20";
				CLANG_ENABLE_MODULES = YES;
				CLANG_ENABLE_OBJC_ARC = YES;
				CLANG_ENABLE_OBJC_WEAK = YES;
				CLANG_WARN_BLOCK_CAPTURE_AUTORELEASING = YES;
				CLANG_WARN_BOOL_CONVERSION = YES;
				CLANG_WARN_COMMA = YES;
				CLANG_WARN_CONSTANT_CONVERSION = YES;
				CLANG_WARN_DEPRECATED_OBJC_IMPLEMENTATIONS = YES;
				CLANG_WARN_DIRECT_OBJC_ISA_USAGE = YES_ERROR;
				CLANG_WARN_DOCUMENTATION_COMMENTS = YES;
				CLANG_WARN_EMPTY_BODY = YES;
				CLANG_WARN_ENUM_CONVERSION = YES;
				CLANG_WARN_INFINITE_RECURSION = YES;
				CLANG_WARN_INT_CONVERSION = YES;
				CLANG_WARN_NON_LITERAL_NULL_CONVERSION = YES;
				CLANG_WARN_OBJC_IMPLICIT_RETAIN_SELF = YES;
				CLANG_WARN_OBJC_LITERAL_CONVERSION = YES;
				CLANG_WARN_OBJC_ROOT_CLASS = YES_ERROR;
				CLANG_WARN_QUOTED_INCLUDE_IN_FRAMEWORK_HEADER = YES;
				CLANG_WARN_RANGE_LOOP_ANALYSIS = YES;
				CLANG_WARN_STRICT_PROTOTYPES = YES;
				CLANG_WARN_SUSPICIOUS_MOVE = YES;
				CLANG_WARN_UNGUARDED_AVAILABILITY = YES_AGGRESSIVE;
				CLANG_WARN_UNREACHABLE_CODE = YES;
				CLANG_WARN__DUPLICATE_METHOD_MATCH = YES;
				COPY_PHASE_STRIP = NO;
				DEBUG_INFORMATION_FORMAT = "dwarf-with-dsym";
				ENABLE_NS_ASSERTIONS = NO;
				ENABLE_STRICT_OBJC_MSGSEND = YES;
				ENABLE_USER_SCRIPT_SANDBOXING = YES;
				GCC_C_LANGUAGE_STANDARD = gnu17;
				GCC_NO_COMMON_BLOCKS = YES;
				GCC_WARN_64_TO_32_BIT_CONVERSION = YES;
				GCC_WARN_ABOUT_RETURN_TYPE = YES_ERROR;
				GCC_WARN_UNDECLARED_SELECTOR = YES;
				GCC_WARN_UNINITIALIZED_AUTOS = YES_AGGRESSIVE;
				GCC_WARN_UNUSED_FUNCTION = YES;
				GCC_WARN_UNUSED_VARIABLE = YES;
				IPHONEOS_DEPLOYMENT_TARGET = 17.4;
				LOCALIZATION_PREFERS_STRING_CATALOGS = YES;
				MTL_ENABLE_DEBUG_INFO = NO;
				MTL_FAST_MATH = YES;
				SDKROOT = iphoneos;
				SWIFT_COMPILATION_MODE = wholemodule;
				VALIDATE_PRODUCT = YES;
			};
			name = Release;
		};
		793BFE612C9ACCFD009AF941 /* Debug */ = {
			isa = XCBuildConfiguration;
			buildSettings = {
				ASSETCATALOG_COMPILER_APPICON_NAME = AppIcon;
				ASSETCATALOG_COMPILER_GLOBAL_ACCENT_COLOR_NAME = AccentColor;
				CODE_SIGN_STYLE = Automatic;
				CURRENT_PROJECT_VERSION = 1;
				GENERATE_INFOPLIST_FILE = YES;
				INFOPLIST_FILE = MVVMCoordinator/Info.plist;
				INFOPLIST_KEY_UIApplicationSupportsIndirectInputEvents = YES;
				INFOPLIST_KEY_UILaunchStoryboardName = LaunchScreen;
				INFOPLIST_KEY_UISupportedInterfaceOrientations_iPad = "UIInterfaceOrientationPortrait UIInterfaceOrientationPortraitUpsideDown UIInterfaceOrientationLandscapeLeft UIInterfaceOrientationLandscapeRight";
				INFOPLIST_KEY_UISupportedInterfaceOrientations_iPhone = "UIInterfaceOrientationPortrait UIInterfaceOrientationLandscapeLeft UIInterfaceOrientationLandscapeRight";
				LD_RUNPATH_SEARCH_PATHS = (
					"$(inherited)",
					"@executable_path/Frameworks",
				);
				MARKETING_VERSION = 1.0;
				PRODUCT_BUNDLE_IDENTIFIER = com.yyeprem.MVVMCoordinator;
				PRODUCT_NAME = "$(TARGET_NAME)";
				SWIFT_EMIT_LOC_STRINGS = YES;
				SWIFT_VERSION = 5.0;
				TARGETED_DEVICE_FAMILY = "1,2";
			};
			name = Debug;
		};
		793BFE622C9ACCFD009AF941 /* Release */ = {
			isa = XCBuildConfiguration;
			buildSettings = {
				ASSETCATALOG_COMPILER_APPICON_NAME = AppIcon;
				ASSETCATALOG_COMPILER_GLOBAL_ACCENT_COLOR_NAME = AccentColor;
				CODE_SIGN_STYLE = Automatic;
				CURRENT_PROJECT_VERSION = 1;
				GENERATE_INFOPLIST_FILE = YES;
				INFOPLIST_FILE = MVVMCoordinator/Info.plist;
				INFOPLIST_KEY_UIApplicationSupportsIndirectInputEvents = YES;
				INFOPLIST_KEY_UILaunchStoryboardName = LaunchScreen;
				INFOPLIST_KEY_UISupportedInterfaceOrientations_iPad = "UIInterfaceOrientationPortrait UIInterfaceOrientationPortraitUpsideDown UIInterfaceOrientationLandscapeLeft UIInterfaceOrientationLandscapeRight";
				INFOPLIST_KEY_UISupportedInterfaceOrientations_iPhone = "UIInterfaceOrientationPortrait UIInterfaceOrientationLandscapeLeft UIInterfaceOrientationLandscapeRight";
				LD_RUNPATH_SEARCH_PATHS = (
					"$(inherited)",
					"@executable_path/Frameworks",
				);
				MARKETING_VERSION = 1.0;
				PRODUCT_BUNDLE_IDENTIFIER = com.yyeprem.MVVMCoordinator;
				PRODUCT_NAME = "$(TARGET_NAME)";
				SWIFT_EMIT_LOC_STRINGS = YES;
				SWIFT_VERSION = 5.0;
				TARGETED_DEVICE_FAMILY = "1,2";
			};
			name = Release;
		};
/* End XCBuildConfiguration section */

/* Begin XCConfigurationList section */
		793BFE472C9ACCFC009AF941 /* Build configuration list for PBXProject "MVVMCoordinator" */ = {
			isa = XCConfigurationList;
			buildConfigurations = (
				793BFE5E2C9ACCFD009AF941 /* Debug */,
				793BFE5F2C9ACCFD009AF941 /* Release */,
			);
			defaultConfigurationIsVisible = 0;
			defaultConfigurationName = Release;
		};
		793BFE602C9ACCFD009AF941 /* Build configuration list for PBXNativeTarget "MVVMCoordinator" */ = {
			isa = XCConfigurationList;
			buildConfigurations = (
				793BFE612C9ACCFD009AF941 /* Debug */,
				793BFE622C9ACCFD009AF941 /* Release */,
			);
			defaultConfigurationIsVisible = 0;
			defaultConfigurationName = Release;
		};
/* End XCConfigurationList section */
	};
	rootObject = 793BFE442C9ACCFC009AF941 /* Project object */;
}
